// !$*UTF8*$!
{
	archiveVersion = 1;
	classes = {
	};
	objectVersion = 46;
	objects = {

/* Begin PBXBuildFile section */
		8EB0885F18A4B62B00E81EFA /* Foundation.framework in Frameworks */ = {isa = PBXBuildFile; fileRef = 8EB0885E18A4B62B00E81EFA /* Foundation.framework */; };
		8EB0886118A4B62B00E81EFA /* CoreGraphics.framework in Frameworks */ = {isa = PBXBuildFile; fileRef = 8EB0886018A4B62B00E81EFA /* CoreGraphics.framework */; };
		8EB0886318A4B62B00E81EFA /* UIKit.framework in Frameworks */ = {isa = PBXBuildFile; fileRef = 8EB0886218A4B62B00E81EFA /* UIKit.framework */; };
		8EB0886918A4B62B00E81EFA /* InfoPlist.strings in Resources */ = {isa = PBXBuildFile; fileRef = 8EB0886718A4B62B00E81EFA /* InfoPlist.strings */; };
		8EB0886B18A4B62B00E81EFA /* main.m in Sources */ = {isa = PBXBuildFile; fileRef = 8EB0886A18A4B62B00E81EFA /* main.m */; };
		8EB0886F18A4B62B00E81EFA /* LoginWithFBAppDelegate.m in Sources */ = {isa = PBXBuildFile; fileRef = 8EB0886E18A4B62B00E81EFA /* LoginWithFBAppDelegate.m */; };
		8EB0887218A4B62B00E81EFA /* Main_iPhone.storyboard in Resources */ = {isa = PBXBuildFile; fileRef = 8EB0887018A4B62B00E81EFA /* Main_iPhone.storyboard */; };
		8EB0887518A4B62B00E81EFA /* Main_iPad.storyboard in Resources */ = {isa = PBXBuildFile; fileRef = 8EB0887318A4B62B00E81EFA /* Main_iPad.storyboard */; };
		8EB0887818A4B62B00E81EFA /* LoginWithFBViewController.m in Sources */ = {isa = PBXBuildFile; fileRef = 8EB0887718A4B62B00E81EFA /* LoginWithFBViewController.m */; };
		8EB0887A18A4B62B00E81EFA /* Images.xcassets in Resources */ = {isa = PBXBuildFile; fileRef = 8EB0887918A4B62B00E81EFA /* Images.xcassets */; };
		8EB0888118A4B62B00E81EFA /* XCTest.framework in Frameworks */ = {isa = PBXBuildFile; fileRef = 8EB0888018A4B62B00E81EFA /* XCTest.framework */; };
		8EB0888218A4B62B00E81EFA /* Foundation.framework in Frameworks */ = {isa = PBXBuildFile; fileRef = 8EB0885E18A4B62B00E81EFA /* Foundation.framework */; };
		8EB0888318A4B62B00E81EFA /* UIKit.framework in Frameworks */ = {isa = PBXBuildFile; fileRef = 8EB0886218A4B62B00E81EFA /* UIKit.framework */; };
		8EB0888B18A4B62B00E81EFA /* InfoPlist.strings in Resources */ = {isa = PBXBuildFile; fileRef = 8EB0888918A4B62B00E81EFA /* InfoPlist.strings */; };
		8EB0888D18A4B62B00E81EFA /* LoginWithFBTests.m in Sources */ = {isa = PBXBuildFile; fileRef = 8EB0888C18A4B62B00E81EFA /* LoginWithFBTests.m */; };
		8EB089BC18A4B6B900E81EFA /* FacebookSDK.framework in Frameworks */ = {isa = PBXBuildFile; fileRef = 8EB0889718A4B6B700E81EFA /* FacebookSDK.framework */; };
		8EB089BD18A4B6B900E81EFA /* LICENSE in Resources */ = {isa = PBXBuildFile; fileRef = 8EB0889818A4B6B700E81EFA /* LICENSE */; };
		8EB089BE18A4B6B900E81EFA /* README.txt in Resources */ = {isa = PBXBuildFile; fileRef = 8EB0889918A4B6B700E81EFA /* README.txt */; };
/* End PBXBuildFile section */

/* Begin PBXContainerItemProxy section */
		8EB0888418A4B62B00E81EFA /* PBXContainerItemProxy */ = {
			isa = PBXContainerItemProxy;
			containerPortal = 8EB0885318A4B62B00E81EFA /* Project object */;
			proxyType = 1;
			remoteGlobalIDString = 8EB0885A18A4B62B00E81EFA;
			remoteInfo = LoginWithFB;
		};
/* End PBXContainerItemProxy section */

/* Begin PBXFileReference section */
		8EB0885B18A4B62B00E81EFA /* LoginWithFB.app */ = {isa = PBXFileReference; explicitFileType = wrapper.application; includeInIndex = 0; path = LoginWithFB.app; sourceTree = BUILT_PRODUCTS_DIR; };
		8EB0885E18A4B62B00E81EFA /* Foundation.framework */ = {isa = PBXFileReference; lastKnownFileType = wrapper.framework; name = Foundation.framework; path = System/Library/Frameworks/Foundation.framework; sourceTree = SDKROOT; };
		8EB0886018A4B62B00E81EFA /* CoreGraphics.framework */ = {isa = PBXFileReference; lastKnownFileType = wrapper.framework; name = CoreGraphics.framework; path = System/Library/Frameworks/CoreGraphics.framework; sourceTree = SDKROOT; };
		8EB0886218A4B62B00E81EFA /* UIKit.framework */ = {isa = PBXFileReference; lastKnownFileType = wrapper.framework; name = UIKit.framework; path = System/Library/Frameworks/UIKit.framework; sourceTree = SDKROOT; };
		8EB0886618A4B62B00E81EFA /* LoginWithFB-Info.plist */ = {isa = PBXFileReference; lastKnownFileType = text.plist.xml; path = "LoginWithFB-Info.plist"; sourceTree = "<group>"; };
		8EB0886818A4B62B00E81EFA /* en */ = {isa = PBXFileReference; lastKnownFileType = text.plist.strings; name = en; path = en.lproj/InfoPlist.strings; sourceTree = "<group>"; };
		8EB0886A18A4B62B00E81EFA /* main.m */ = {isa = PBXFileReference; lastKnownFileType = sourcecode.c.objc; path = main.m; sourceTree = "<group>"; };
		8EB0886C18A4B62B00E81EFA /* LoginWithFB-Prefix.pch */ = {isa = PBXFileReference; lastKnownFileType = sourcecode.c.h; path = "LoginWithFB-Prefix.pch"; sourceTree = "<group>"; };
		8EB0886D18A4B62B00E81EFA /* LoginWithFBAppDelegate.h */ = {isa = PBXFileReference; lastKnownFileType = sourcecode.c.h; path = LoginWithFBAppDelegate.h; sourceTree = "<group>"; };
		8EB0886E18A4B62B00E81EFA /* LoginWithFBAppDelegate.m */ = {isa = PBXFileReference; lastKnownFileType = sourcecode.c.objc; path = LoginWithFBAppDelegate.m; sourceTree = "<group>"; };
		8EB0887118A4B62B00E81EFA /* Base */ = {isa = PBXFileReference; lastKnownFileType = file.storyboard; name = Base; path = Base.lproj/Main_iPhone.storyboard; sourceTree = "<group>"; };
		8EB0887418A4B62B00E81EFA /* Base */ = {isa = PBXFileReference; lastKnownFileType = file.storyboard; name = Base; path = Base.lproj/Main_iPad.storyboard; sourceTree = "<group>"; };
		8EB0887618A4B62B00E81EFA /* LoginWithFBViewController.h */ = {isa = PBXFileReference; lastKnownFileType = sourcecode.c.h; path = LoginWithFBViewController.h; sourceTree = "<group>"; };
		8EB0887718A4B62B00E81EFA /* LoginWithFBViewController.m */ = {isa = PBXFileReference; lastKnownFileType = sourcecode.c.objc; path = LoginWithFBViewController.m; sourceTree = "<group>"; };
		8EB0887918A4B62B00E81EFA /* Images.xcassets */ = {isa = PBXFileReference; lastKnownFileType = folder.assetcatalog; path = Images.xcassets; sourceTree = "<group>"; };
		8EB0887F18A4B62B00E81EFA /* LoginWithFBTests.xctest */ = {isa = PBXFileReference; explicitFileType = wrapper.cfbundle; includeInIndex = 0; path = LoginWithFBTests.xctest; sourceTree = BUILT_PRODUCTS_DIR; };
		8EB0888018A4B62B00E81EFA /* XCTest.framework */ = {isa = PBXFileReference; lastKnownFileType = wrapper.framework; name = XCTest.framework; path = Library/Frameworks/XCTest.framework; sourceTree = DEVELOPER_DIR; };
		8EB0888818A4B62B00E81EFA /* LoginWithFBTests-Info.plist */ = {isa = PBXFileReference; lastKnownFileType = text.plist.xml; path = "LoginWithFBTests-Info.plist"; sourceTree = "<group>"; };
		8EB0888A18A4B62B00E81EFA /* en */ = {isa = PBXFileReference; lastKnownFileType = text.plist.strings; name = en; path = en.lproj/InfoPlist.strings; sourceTree = "<group>"; };
		8EB0888C18A4B62B00E81EFA /* LoginWithFBTests.m */ = {isa = PBXFileReference; lastKnownFileType = sourcecode.c.objc; path = LoginWithFBTests.m; sourceTree = "<group>"; };
		8EB0889718A4B6B700E81EFA /* FacebookSDK.framework */ = {isa = PBXFileReference; lastKnownFileType = wrapper.framework; path = FacebookSDK.framework; sourceTree = "<group>"; };
		8EB0889818A4B6B700E81EFA /* LICENSE */ = {isa = PBXFileReference; fileEncoding = 4; lastKnownFileType = text; path = LICENSE; sourceTree = "<group>"; };
		8EB0889918A4B6B700E81EFA /* README.txt */ = {isa = PBXFileReference; fileEncoding = 4; lastKnownFileType = text; path = README.txt; sourceTree = "<group>"; };
/* End PBXFileReference section */

/* Begin PBXFrameworksBuildPhase section */
		8EB0885818A4B62B00E81EFA /* Frameworks */ = {
			isa = PBXFrameworksBuildPhase;
			buildActionMask = 2147483647;
			files = (
				8EB0886118A4B62B00E81EFA /* CoreGraphics.framework in Frameworks */,
				8EB0886318A4B62B00E81EFA /* UIKit.framework in Frameworks */,
				8EB0885F18A4B62B00E81EFA /* Foundation.framework in Frameworks */,
				8EB089BC18A4B6B900E81EFA /* FacebookSDK.framework in Frameworks */,
			);
			runOnlyForDeploymentPostprocessing = 0;
		};
		8EB0887C18A4B62B00E81EFA /* Frameworks */ = {
			isa = PBXFrameworksBuildPhase;
			buildActionMask = 2147483647;
			files = (
				8EB0888118A4B62B00E81EFA /* XCTest.framework in Frameworks */,
				8EB0888318A4B62B00E81EFA /* UIKit.framework in Frameworks */,
				8EB0888218A4B62B00E81EFA /* Foundation.framework in Frameworks */,
			);
			runOnlyForDeploymentPostprocessing = 0;
		};
/* End PBXFrameworksBuildPhase section */

/* Begin PBXGroup section */
		8EB0885218A4B62B00E81EFA = {
			isa = PBXGroup;
			children = (
				8EB0889618A4B6B700E81EFA /* FacebookSDK */,
				8EB0886418A4B62B00E81EFA /* LoginWithFB */,
				8EB0888618A4B62B00E81EFA /* LoginWithFBTests */,
				8EB0885D18A4B62B00E81EFA /* Frameworks */,
				8EB0885C18A4B62B00E81EFA /* Products */,
			);
			sourceTree = "<group>";
		};
		8EB0885C18A4B62B00E81EFA /* Products */ = {
			isa = PBXGroup;
			children = (
				8EB0885B18A4B62B00E81EFA /* LoginWithFB.app */,
				8EB0887F18A4B62B00E81EFA /* LoginWithFBTests.xctest */,
			);
			name = Products;
			sourceTree = "<group>";
		};
		8EB0885D18A4B62B00E81EFA /* Frameworks */ = {
			isa = PBXGroup;
			children = (
				8EB0885E18A4B62B00E81EFA /* Foundation.framework */,
				8EB0886018A4B62B00E81EFA /* CoreGraphics.framework */,
				8EB0886218A4B62B00E81EFA /* UIKit.framework */,
				8EB0888018A4B62B00E81EFA /* XCTest.framework */,
			);
			name = Frameworks;
			sourceTree = "<group>";
		};
		8EB0886418A4B62B00E81EFA /* LoginWithFB */ = {
			isa = PBXGroup;
			children = (
				8EB08A9F18A5BB0C00E81EFA /* Delegate */,
				8EB08A9D18A5BAE700E81EFA /* View */,
				8EB08A9E18A5BAF000E81EFA /* Controller */,
				8EB0887918A4B62B00E81EFA /* Images.xcassets */,
				8EB0886518A4B62B00E81EFA /* Supporting Files */,
			);
			path = LoginWithFB;
			sourceTree = "<group>";
		};
		8EB0886518A4B62B00E81EFA /* Supporting Files */ = {
			isa = PBXGroup;
			children = (
				8EB0886618A4B62B00E81EFA /* LoginWithFB-Info.plist */,
				8EB0886718A4B62B00E81EFA /* InfoPlist.strings */,
				8EB0886A18A4B62B00E81EFA /* main.m */,
				8EB0886C18A4B62B00E81EFA /* LoginWithFB-Prefix.pch */,
			);
			name = "Supporting Files";
			sourceTree = "<group>";
		};
		8EB0888618A4B62B00E81EFA /* LoginWithFBTests */ = {
			isa = PBXGroup;
			children = (
				8EB0888C18A4B62B00E81EFA /* LoginWithFBTests.m */,
				8EB0888718A4B62B00E81EFA /* Supporting Files */,
			);
			path = LoginWithFBTests;
			sourceTree = "<group>";
		};
		8EB0888718A4B62B00E81EFA /* Supporting Files */ = {
			isa = PBXGroup;
			children = (
				8EB0888818A4B62B00E81EFA /* LoginWithFBTests-Info.plist */,
				8EB0888918A4B62B00E81EFA /* InfoPlist.strings */,
			);
			name = "Supporting Files";
			sourceTree = "<group>";
		};
		8EB0889618A4B6B700E81EFA /* FacebookSDK */ = {
			isa = PBXGroup;
			children = (
				8EB0889718A4B6B700E81EFA /* FacebookSDK.framework */,
				8EB0889818A4B6B700E81EFA /* LICENSE */,
				8EB0889918A4B6B700E81EFA /* README.txt */,
			);
			name = FacebookSDK;
			path = ../../Documents/FacebookSDK;
			sourceTree = "<group>";
		};
		8EB08A9D18A5BAE700E81EFA /* View */ = {
			isa = PBXGroup;
			children = (
				8EB0887018A4B62B00E81EFA /* Main_iPhone.storyboard */,
				8EB0887318A4B62B00E81EFA /* Main_iPad.storyboard */,
			);
			name = View;
			sourceTree = "<group>";
		};
		8EB08A9E18A5BAF000E81EFA /* Controller */ = {
			isa = PBXGroup;
			children = (
				8EB0887618A4B62B00E81EFA /* LoginWithFBViewController.h */,
				8EB0887718A4B62B00E81EFA /* LoginWithFBViewController.m */,
			);
			name = Controller;
			sourceTree = "<group>";
		};
		8EB08A9F18A5BB0C00E81EFA /* Delegate */ = {
			isa = PBXGroup;
			children = (
				8EB0886D18A4B62B00E81EFA /* LoginWithFBAppDelegate.h */,
				8EB0886E18A4B62B00E81EFA /* LoginWithFBAppDelegate.m */,
			);
			name = Delegate;
			sourceTree = "<group>";
		};
/* End PBXGroup section */

/* Begin PBXNativeTarget section */
		8EB0885A18A4B62B00E81EFA /* LoginWithFB */ = {
			isa = PBXNativeTarget;
			buildConfigurationList = 8EB0889018A4B62B00E81EFA /* Build configuration list for PBXNativeTarget "LoginWithFB" */;
			buildPhases = (
				8EB0885718A4B62B00E81EFA /* Sources */,
				8EB0885818A4B62B00E81EFA /* Frameworks */,
				8EB0885918A4B62B00E81EFA /* Resources */,
			);
			buildRules = (
			);
			dependencies = (
			);
			name = LoginWithFB;
			productName = LoginWithFB;
			productReference = 8EB0885B18A4B62B00E81EFA /* LoginWithFB.app */;
			productType = "com.apple.product-type.application";
		};
		8EB0887E18A4B62B00E81EFA /* LoginWithFBTests */ = {
			isa = PBXNativeTarget;
			buildConfigurationList = 8EB0889318A4B62B00E81EFA /* Build configuration list for PBXNativeTarget "LoginWithFBTests" */;
			buildPhases = (
				8EB0887B18A4B62B00E81EFA /* Sources */,
				8EB0887C18A4B62B00E81EFA /* Frameworks */,
				8EB0887D18A4B62B00E81EFA /* Resources */,
			);
			buildRules = (
			);
			dependencies = (
				8EB0888518A4B62B00E81EFA /* PBXTargetDependency */,
			);
			name = LoginWithFBTests;
			productName = LoginWithFBTests;
			productReference = 8EB0887F18A4B62B00E81EFA /* LoginWithFBTests.xctest */;
			productType = "com.apple.product-type.bundle.unit-test";
		};
/* End PBXNativeTarget section */

/* Begin PBXProject section */
		8EB0885318A4B62B00E81EFA /* Project object */ = {
			isa = PBXProject;
			attributes = {
				CLASSPREFIX = LoginWithFB;
				LastUpgradeCheck = 0500;
				ORGANIZATIONNAME = PicsureHunt;
				TargetAttributes = {
					8EB0887E18A4B62B00E81EFA = {
						TestTargetID = 8EB0885A18A4B62B00E81EFA;
					};
				};
			};
			buildConfigurationList = 8EB0885618A4B62B00E81EFA /* Build configuration list for PBXProject "LoginWithFB" */;
			compatibilityVersion = "Xcode 3.2";
			developmentRegion = English;
			hasScannedForEncodings = 0;
			knownRegions = (
				en,
				Base,
				he,
			);
			mainGroup = 8EB0885218A4B62B00E81EFA;
			productRefGroup = 8EB0885C18A4B62B00E81EFA /* Products */;
			projectDirPath = "";
			projectRoot = "";
			targets = (
				8EB0885A18A4B62B00E81EFA /* LoginWithFB */,
				8EB0887E18A4B62B00E81EFA /* LoginWithFBTests */,
			);
		};
/* End PBXProject section */

/* Begin PBXResourcesBuildPhase section */
		8EB0885918A4B62B00E81EFA /* Resources */ = {
			isa = PBXResourcesBuildPhase;
			buildActionMask = 2147483647;
			files = (
				8EB0887518A4B62B00E81EFA /* Main_iPad.storyboard in Resources */,
				8EB0887A18A4B62B00E81EFA /* Images.xcassets in Resources */,
				8EB0887218A4B62B00E81EFA /* Main_iPhone.storyboard in Resources */,
				8EB0886918A4B62B00E81EFA /* InfoPlist.strings in Resources */,
				8EB089BE18A4B6B900E81EFA /* README.txt in Resources */,
				8EB089BD18A4B6B900E81EFA /* LICENSE in Resources */,
			);
			runOnlyForDeploymentPostprocessing = 0;
		};
		8EB0887D18A4B62B00E81EFA /* Resources */ = {
			isa = PBXResourcesBuildPhase;
			buildActionMask = 2147483647;
			files = (
				8EB0888B18A4B62B00E81EFA /* InfoPlist.strings in Resources */,
			);
			runOnlyForDeploymentPostprocessing = 0;
		};
/* End PBXResourcesBuildPhase section */

/* Begin PBXSourcesBuildPhase section */
		8EB0885718A4B62B00E81EFA /* Sources */ = {
			isa = PBXSourcesBuildPhase;
			buildActionMask = 2147483647;
			files = (
				8EB0887818A4B62B00E81EFA /* LoginWithFBViewController.m in Sources */,
				8EB0886F18A4B62B00E81EFA /* LoginWithFBAppDelegate.m in Sources */,
				8EB0886B18A4B62B00E81EFA /* main.m in Sources */,
			);
			runOnlyForDeploymentPostprocessing = 0;
		};
		8EB0887B18A4B62B00E81EFA /* Sources */ = {
			isa = PBXSourcesBuildPhase;
			buildActionMask = 2147483647;
			files = (
				8EB0888D18A4B62B00E81EFA /* LoginWithFBTests.m in Sources */,
			);
			runOnlyForDeploymentPostprocessing = 0;
		};
/* End PBXSourcesBuildPhase section */

/* Begin PBXTargetDependency section */
		8EB0888518A4B62B00E81EFA /* PBXTargetDependency */ = {
			isa = PBXTargetDependency;
			target = 8EB0885A18A4B62B00E81EFA /* LoginWithFB */;
			targetProxy = 8EB0888418A4B62B00E81EFA /* PBXContainerItemProxy */;
		};
/* End PBXTargetDependency section */

/* Begin PBXVariantGroup section */
		8EB0886718A4B62B00E81EFA /* InfoPlist.strings */ = {
			isa = PBXVariantGroup;
			children = (
				8EB0886818A4B62B00E81EFA /* en */,
			);
			name = InfoPlist.strings;
			sourceTree = "<group>";
		};
		8EB0887018A4B62B00E81EFA /* Main_iPhone.storyboard */ = {
			isa = PBXVariantGroup;
			children = (
				8EB0887118A4B62B00E81EFA /* Base */,
			);
			name = Main_iPhone.storyboard;
			sourceTree = "<group>";
		};
		8EB0887318A4B62B00E81EFA /* Main_iPad.storyboard */ = {
			isa = PBXVariantGroup;
			children = (
				8EB0887418A4B62B00E81EFA /* Base */,
			);
			name = Main_iPad.storyboard;
			sourceTree = "<group>";
		};
		8EB0888918A4B62B00E81EFA /* InfoPlist.strings */ = {
			isa = PBXVariantGroup;
			children = (
				8EB0888A18A4B62B00E81EFA /* en */,
			);
			name = InfoPlist.strings;
			sourceTree = "<group>";
		};
/* End PBXVariantGroup section */

/* Begin XCBuildConfiguration section */
		8EB0888E18A4B62B00E81EFA /* Debug */ = {
			isa = XCBuildConfiguration;
			buildSettings = {
				ALWAYS_SEARCH_USER_PATHS = NO;
				ARCHS = "$(ARCHS_STANDARD_INCLUDING_64_BIT)";
				CLANG_CXX_LANGUAGE_STANDARD = "gnu++0x";
				CLANG_CXX_LIBRARY = "libc++";
				CLANG_ENABLE_MODULES = YES;
				CLANG_ENABLE_OBJC_ARC = YES;
				CLANG_WARN_BOOL_CONVERSION = YES;
				CLANG_WARN_CONSTANT_CONVERSION = YES;
				CLANG_WARN_DIRECT_OBJC_ISA_USAGE = YES_ERROR;
				CLANG_WARN_EMPTY_BODY = YES;
				CLANG_WARN_ENUM_CONVERSION = YES;
				CLANG_WARN_INT_CONVERSION = YES;
				CLANG_WARN_OBJC_ROOT_CLASS = YES_ERROR;
				CLANG_WARN__DUPLICATE_METHOD_MATCH = YES;
				"CODE_SIGN_IDENTITY[sdk=iphoneos*]" = "iPhone Developer";
				COPY_PHASE_STRIP = NO;
				GCC_C_LANGUAGE_STANDARD = gnu99;
				GCC_DYNAMIC_NO_PIC = NO;
				GCC_OPTIMIZATION_LEVEL = 0;
				GCC_PREPROCESSOR_DEFINITIONS = (
					"DEBUG=1",
					"$(inherited)",
				);
				GCC_SYMBOLS_PRIVATE_EXTERN = NO;
				GCC_WARN_64_TO_32_BIT_CONVERSION = YES;
				GCC_WARN_ABOUT_RETURN_TYPE = YES_ERROR;
				GCC_WARN_UNDECLARED_SELECTOR = YES;
				GCC_WARN_UNINITIALIZED_AUTOS = YES;
				GCC_WARN_UNUSED_FUNCTION = YES;
				GCC_WARN_UNUSED_VARIABLE = YES;
				IPHONEOS_DEPLOYMENT_TARGET = 7.0;
				ONLY_ACTIVE_ARCH = YES;
				SDKROOT = iphoneos;
				TARGETED_DEVICE_FAMILY = "1,2";
			};
			name = Debug;
		};
		8EB0888F18A4B62B00E81EFA /* Release */ = {
			isa = XCBuildConfiguration;
			buildSettings = {
				ALWAYS_SEARCH_USER_PATHS = NO;
				ARCHS = "$(ARCHS_STANDARD_INCLUDING_64_BIT)";
				CLANG_CXX_LANGUAGE_STANDARD = "gnu++0x";
				CLANG_CXX_LIBRARY = "libc++";
				CLANG_ENABLE_MODULES = YES;
				CLANG_ENABLE_OBJC_ARC = YES;
				CLANG_WARN_BOOL_CONVERSION = YES;
				CLANG_WARN_CONSTANT_CONVERSION = YES;
				CLANG_WARN_DIRECT_OBJC_ISA_USAGE = YES_ERROR;
				CLANG_WARN_EMPTY_BODY = YES;
				CLANG_WARN_ENUM_CONVERSION = YES;
				CLANG_WARN_INT_CONVERSION = YES;
				CLANG_WARN_OBJC_ROOT_CLASS = YES_ERROR;
				CLANG_WARN__DUPLICATE_METHOD_MATCH = YES;
				"CODE_SIGN_IDENTITY[sdk=iphoneos*]" = "iPhone Developer";
				COPY_PHASE_STRIP = YES;
				ENABLE_NS_ASSERTIONS = NO;
				GCC_C_LANGUAGE_STANDARD = gnu99;
				GCC_WARN_64_TO_32_BIT_CONVERSION = YES;
				GCC_WARN_ABOUT_RETURN_TYPE = YES_ERROR;
				GCC_WARN_UNDECLARED_SELECTOR = YES;
				GCC_WARN_UNINITIALIZED_AUTOS = YES;
				GCC_WARN_UNUSED_FUNCTION = YES;
				GCC_WARN_UNUSED_VARIABLE = YES;
				IPHONEOS_DEPLOYMENT_TARGET = 7.0;
				SDKROOT = iphoneos;
				TARGETED_DEVICE_FAMILY = "1,2";
				VALIDATE_PRODUCT = YES;
			};
			name = Release;
		};
		8EB0889118A4B62B00E81EFA /* Debug */ = {
			isa = XCBuildConfiguration;
			buildSettings = {
				ASSETCATALOG_COMPILER_APPICON_NAME = AppIcon;
				ASSETCATALOG_COMPILER_LAUNCHIMAGE_NAME = LaunchImage;
				FRAMEWORK_SEARCH_PATHS = (
					"$(inherited)",
					/Users/Ocean/Documents/FacebookSDK,
				);
				GCC_PRECOMPILE_PREFIX_HEADER = YES;
				GCC_PREFIX_HEADER = "LoginWithFB/LoginWithFB-Prefix.pch";
				INFOPLIST_FILE = "LoginWithFB/LoginWithFB-Info.plist";
				PRODUCT_NAME = "$(TARGET_NAME)";
				WRAPPER_EXTENSION = app;
			};
			name = Debug;
		};
		8EB0889218A4B62B00E81EFA /* Release */ = {
			isa = XCBuildConfiguration;
			buildSettings = {
				ASSETCATALOG_COMPILER_APPICON_NAME = AppIcon;
				ASSETCATALOG_COMPILER_LAUNCHIMAGE_NAME = LaunchImage;
				FRAMEWORK_SEARCH_PATHS = (
					"$(inherited)",
					/Users/Ocean/Documents/FacebookSDK,
				);
				GCC_PRECOMPILE_PREFIX_HEADER = YES;
				GCC_PREFIX_HEADER = "LoginWithFB/LoginWithFB-Prefix.pch";
				INFOPLIST_FILE = "LoginWithFB/LoginWithFB-Info.plist";
				PRODUCT_NAME = "$(TARGET_NAME)";
				WRAPPER_EXTENSION = app;
			};
			name = Release;
		};
		8EB0889418A4B62B00E81EFA /* Debug */ = {
			isa = XCBuildConfiguration;
			buildSettings = {
				ARCHS = "$(ARCHS_STANDARD_INCLUDING_64_BIT)";
				BUNDLE_LOADER = "$(BUILT_PRODUCTS_DIR)/LoginWithFB.app/LoginWithFB";
				FRAMEWORK_SEARCH_PATHS = (
					"$(SDKROOT)/Developer/Library/Frameworks",
					"$(inherited)",
					"$(DEVELOPER_FRAMEWORKS_DIR)",
				);
				GCC_PRECOMPILE_PREFIX_HEADER = YES;
				GCC_PREFIX_HEADER = "LoginWithFB/LoginWithFB-Prefix.pch";
				GCC_PREPROCESSOR_DEFINITIONS = (
					"DEBUG=1",
					"$(inherited)",
				);
				INFOPLIST_FILE = "LoginWithFBTests/LoginWithFBTests-Info.plist";
				PRODUCT_NAME = "$(TARGET_NAME)";
				TEST_HOST = "$(BUNDLE_LOADER)";
				WRAPPER_EXTENSION = xctest;
			};
			name = Debug;
		};
		8EB0889518A4B62B00E81EFA /* Release */ = {
			isa = XCBuildConfiguration;
			buildSettings = {
				ARCHS = "$(ARCHS_STANDARD_INCLUDING_64_BIT)";
				BUNDLE_LOADER = "$(BUILT_PRODUCTS_DIR)/LoginWithFB.app/LoginWithFB";
				FRAMEWORK_SEARCH_PATHS = (
					"$(SDKROOT)/Developer/Library/Frameworks",
					"$(inherited)",
					"$(DEVELOPER_FRAMEWORKS_DIR)",
				);
				GCC_PRECOMPILE_PREFIX_HEADER = YES;
				GCC_PREFIX_HEADER = "LoginWithFB/LoginWithFB-Prefix.pch";
				INFOPLIST_FILE = "LoginWithFBTests/LoginWithFBTests-Info.plist";
				PRODUCT_NAME = "$(TARGET_NAME)";
				TEST_HOST = "$(BUNDLE_LOADER)";
				WRAPPER_EXTENSION = xctest;
			};
			name = Release;
		};
/* End XCBuildConfiguration section */

/* Begin XCConfigurationList section */
		8EB0885618A4B62B00E81EFA /* Build configuration list for PBXProject "LoginWithFB" */ = {
			isa = XCConfigurationList;
			buildConfigurations = (
				8EB0888E18A4B62B00E81EFA /* Debug */,
				8EB0888F18A4B62B00E81EFA /* Release */,
			);
			defaultConfigurationIsVisible = 0;
			defaultConfigurationName = Release;
		};
		8EB0889018A4B62B00E81EFA /* Build configuration list for PBXNativeTarget "LoginWithFB" */ = {
			isa = XCConfigurationList;
			buildConfigurations = (
				8EB0889118A4B62B00E81EFA /* Debug */,
				8EB0889218A4B62B00E81EFA /* Release */,
			);
			defaultConfigurationIsVisible = 0;
			defaultConfigurationName = Release;
		};
		8EB0889318A4B62B00E81EFA /* Build configuration list for PBXNativeTarget "LoginWithFBTests" */ = {
			isa = XCConfigurationList;
			buildConfigurations = (
				8EB0889418A4B62B00E81EFA /* Debug */,
				8EB0889518A4B62B00E81EFA /* Release */,
			);
			defaultConfigurationIsVisible = 0;
			defaultConfigurationName = Release;
		};
/* End XCConfigurationList section */
	};
	rootObject = 8EB0885318A4B62B00E81EFA /* Project object */;
}
